
Microsoft Visual Studio Solution File, Format Version 12.00
# Visual Studio Version 17
VisualStudioVersion = 17.0.31903.59
MinimumVisualStudioVersion = 10.0.40219.1
Project("{9A19103F-16F7-4668-BE54-9A1E7A4F7556}") = "GameTracker.Api", "backend\GameTracker.Api.csproj", "{A8F3C2D1-4E5B-6A7C-8D9E-0F1A2B3C4D5E}"
EndProject
Project("{2150E333-8FDC-42A3-9474-1A3956D46DE8}") = "tests", "tests", "{0AB3BF05-4346-4AA6-1389-037BE0695223}"
EndProject
Project("{FAE04EC0-301F-11D3-BF4B-00C04F79EFBC}") = "GameTracker.Api.Tests", "tests\GameTracker.Api.Tests\GameTracker.Api.Tests.csproj", "{B367D7F5-68D3-498A-942A-06B942A03FA9}"
EndProject
Global
	GlobalSection(SolutionConfigurationPlatforms) = preSolution
		Debug|Any CPU = Debug|Any CPU
		Debug|x64 = Debug|x64
		Debug|x86 = Debug|x86
		Release|Any CPU = Release|Any CPU
		Release|x64 = Release|x64
		Release|x86 = Release|x86
	EndGlobalSection
	GlobalSection(ProjectConfigurationPlatforms) = postSolution
		{A8F3C2D1-4E5B-6A7C-8D9E-0F1A2B3C4D5E}.Debug|Any CPU.ActiveCfg = Debug|Any CPU
		{A8F3C2D1-4E5B-6A7C-8D9E-0F1A2B3C4D5E}.Debug|Any CPU.Build.0 = Debug|Any CPU
		{A8F3C2D1-4E5B-6A7C-8D9E-0F1A2B3C4D5E}.Debug|x64.ActiveCfg = Debug|Any CPU
		{A8F3C2D1-4E5B-6A7C-8D9E-0F1A2B3C4D5E}.Debug|x64.Build.0 = Debug|Any CPU
		{A8F3C2D1-4E5B-6A7C-8D9E-0F1A2B3C4D5E}.Debug|x86.ActiveCfg = Debug|Any CPU
		{A8F3C2D1-4E5B-6A7C-8D9E-0F1A2B3C4D5E}.Debug|x86.Build.0 = Debug|Any CPU
		{A8F3C2D1-4E5B-6A7C-8D9E-0F1A2B3C4D5E}.Release|Any CPU.ActiveCfg = Release|Any CPU
		{A8F3C2D1-4E5B-6A7C-8D9E-0F1A2B3C4D5E}.Release|Any CPU.Build.0 = Release|Any CPU
		{A8F3C2D1-4E5B-6A7C-8D9E-0F1A2B3C4D5E}.Release|x64.ActiveCfg = Release|Any CPU
		{A8F3C2D1-4E5B-6A7C-8D9E-0F1A2B3C4D5E}.Release|x64.Build.0 = Release|Any CPU
		{A8F3C2D1-4E5B-6A7C-8D9E-0F1A2B3C4D5E}.Release|x86.ActiveCfg = Release|Any CPU
		{A8F3C2D1-4E5B-6A7C-8D9E-0F1A2B3C4D5E}.Release|x86.Build.0 = Release|Any CPU
		{B367D7F5-68D3-498A-942A-06B942A03FA9}.Debug|Any CPU.ActiveCfg = Debug|Any CPU
		{B367D7F5-68D3-498A-942A-06B942A03FA9}.Debug|Any CPU.Build.0 = Debug|Any CPU
		{B367D7F5-68D3-498A-942A-06B942A03FA9}.Debug|x64.ActiveCfg = Debug|Any CPU
		{B367D7F5-68D3-498A-942A-06B942A03FA9}.Debug|x64.Build.0 = Debug|Any CPU
		{B367D7F5-68D3-498A-942A-06B942A03FA9}.Debug|x86.ActiveCfg = Debug|Any CPU
		{B367D7F5-68D3-498A-942A-06B942A03FA9}.Debug|x86.Build.0 = Debug|Any CPU
		{B367D7F5-68D3-498A-942A-06B942A03FA9}.Release|Any CPU.ActiveCfg = Release|Any CPU
		{B367D7F5-68D3-498A-942A-06B942A03FA9}.Release|Any CPU.Build.0 = Release|Any CPU
		{B367D7F5-68D3-498A-942A-06B942A03FA9}.Release|x64.ActiveCfg = Release|Any CPU
		{B367D7F5-68D3-498A-942A-06B942A03FA9}.Release|x64.Build.0 = Release|Any CPU
		{B367D7F5-68D3-498A-942A-06B942A03FA9}.Release|x86.ActiveCfg = Release|Any CPU
		{B367D7F5-68D3-498A-942A-06B942A03FA9}.Release|x86.Build.0 = Release|Any CPU
	EndGlobalSection
	GlobalSection(SolutionProperties) = preSolution
		HideSolutionNode = FALSE
	EndGlobalSection
	GlobalSection(NestedProjects) = preSolution
		{B367D7F5-68D3-498A-942A-06B942A03FA9} = {0AB3BF05-4346-4AA6-1389-037BE0695223}
	EndGlobalSection
	GlobalSection(ExtensibilityGlobals) = postSolution
		SolutionGuid = {63EEA477-66E3-4494-A4ED-77A3C113EF98}
	EndGlobalSection
EndGlobal
